
Microsoft Visual Studio Solution File, Format Version 12.00
# Visual Studio Version 16
VisualStudioVersion = 16.0.30621.155
MinimumVisualStudioVersion = 10.0.40219.1
Project("{9A19103F-16F7-4668-BE54-9A1E7A4F7556}") = "tgc-notes-be", "tgc-notes-be.csproj", "{0BB14334-79B5-4931-A438-759FFCBDDF83}"
EndProject
Global
	GlobalSection(SolutionConfigurationPlatforms) = preSolution
		Debug|Any CPU = Debug|Any CPU
		Release|Any CPU = Release|Any CPU
	EndGlobalSection
	GlobalSection(ProjectConfigurationPlatforms) = postSolution
		{0BB14334-79B5-4931-A438-759FFCBDDF83}.Debug|Any CPU.ActiveCfg = Debug|Any CPU
		{0BB14334-79B5-4931-A438-759FFCBDDF83}.Debug|Any CPU.Build.0 = Debug|Any CPU
		{0BB14334-79B5-4931-A438-759FFCBDDF83}.Release|Any CPU.ActiveCfg = Release|Any CPU
		{0BB14334-79B5-4931-A438-759FFCBDDF83}.Release|Any CPU.Build.0 = Release|Any CPU
	EndGlobalSection
	GlobalSection(SolutionProperties) = preSolution
		HideSolutionNode = FALSE
	EndGlobalSection
	GlobalSection(ExtensibilityGlobals) = postSolution
		SolutionGuid = {0BD61BD9-EE76-403C-8AB3-79ABFD5DFD00}
	EndGlobalSection
EndGlobal
